
Microsoft Visual Studio Solution File, Format Version 12.00
# Visual Studio Version 16
VisualStudioVersion = 16.0.31829.152
MinimumVisualStudioVersion = 10.0.40219.1
Project("{FAE04EC0-301F-11D3-BF4B-00C04F79EFBC}") = "km-vs2019-PullRequestDemo", "km-vs2019-PullRequestDemo\km-vs2019-PullRequestDemo.csproj", "{AA5FD438-672A-4D54-A01D-3FF188D9113A}"
EndProject
Global
	GlobalSection(SolutionConfigurationPlatforms) = preSolution
		Debug|Any CPU = Debug|Any CPU
		Release|Any CPU = Release|Any CPU
	EndGlobalSection
	GlobalSection(ProjectConfigurationPlatforms) = postSolution
		{AA5FD438-672A-4D54-A01D-3FF188D9113A}.Debug|Any CPU.ActiveCfg = Debug|Any CPU
		{AA5FD438-672A-4D54-A01D-3FF188D9113A}.Debug|Any CPU.Build.0 = Debug|Any CPU
		{AA5FD438-672A-4D54-A01D-3FF188D9113A}.Release|Any CPU.ActiveCfg = Release|Any CPU
		{AA5FD438-672A-4D54-A01D-3FF188D9113A}.Release|Any CPU.Build.0 = Release|Any CPU
	EndGlobalSection
	GlobalSection(SolutionProperties) = preSolution
		HideSolutionNode = FALSE
	EndGlobalSection
	GlobalSection(ExtensibilityGlobals) = postSolution
		SolutionGuid = {FA7FCCC1-CE96-4F56-856B-A59D099EF899}
	EndGlobalSection
EndGlobal
